<?xml version="1.0" encoding="UTF-8" standalone="yes" ?>
<CodeBlocks_project_file>
	<FileVersion major="1" minor="6" />
	<Project>
		<Option title="RPG" />
		<Option pch_mode="2" />
		<Option compiler="gcc" />
		<Build>
			<Target title="Debug">
				<Option output="RPG-D" prefix_auto="1" extension_auto="1" />
				<Option object_output="obj/Debug/" />
				<Option type="1" />
				<Option compiler="gcc" />
				<Compiler>
					<Add option="-g" />
				</Compiler>
				<Linker>
					<Add library="sfml-graphics-d" />
					<Add library="sfml-window-d" />
					<Add library="sfml-system-d" />
				</Linker>
			</Target>
			<Target title="Release">
				<Option output="RPG-R" prefix_auto="1" extension_auto="1" />
				<Option object_output="obj/Release/" />
				<Option type="0" />
				<Option compiler="gcc" />
				<Compiler>
					<Add option="-O2" />
				</Compiler>
				<Linker>
					<Add option="-s" />
					<Add library="sfml-graphics" />
					<Add library="sfml-window" />
					<Add library="sfml-system" />
				</Linker>
			</Target>
		</Build>
		<Compiler>
			<Add option="-std=c++0x" />
			<Add option="-Wall" />
			<Add directory="../../../Libraries/SFML-2.2/include" />
		</Compiler>
		<Linker>
			<Add directory="../../../Libraries/SFML-2.2/lib" />
		</Linker>
		<Unit filename="src/controller.cpp" />
		<Unit filename="src/dog.cpp" />
		<Unit filename="src/gameCompleteScreen.cpp" />
		<Unit filename="src/gameState.cpp" />
		<Unit filename="src/hud.cpp" />
		<Unit filename="src/incl/AppState.hpp" />
		<Unit filename="src/incl/Controller.hpp" />
		<Unit filename="src/incl/Dog.hpp" />
		<Unit filename="src/incl/EntityStats.hpp" />
		<Unit filename="src/incl/Enum.hpp" />
		<Unit filename="src/incl/GameCompleteScreen.hpp" />
		<Unit filename="src/incl/GameState.hpp" />
		<Unit filename="src/incl/HUD.hpp" />
		<Unit filename="src/incl/Level.hpp" />
		<Unit filename="src/incl/LevelBlock.hpp" />
		<Unit filename="src/incl/LevelCompleteScreen.hpp" />
		<Unit filename="src/incl/MenuState.hpp" />
		<Unit filename="src/incl/MovingEntity.hpp" />
		<Unit filename="src/incl/MovingTarget.hpp" />
		<Unit filename="src/incl/Params.hpp" />
		<Unit filename="src/incl/Path.hpp" />
		<Unit filename="src/incl/PausedScreen.hpp" />
		<Unit filename="src/incl/SceneNode.hpp" />
		<Unit filename="src/incl/Scenery.hpp" />
		<Unit filename="src/incl/Sheep.hpp" />
		<Unit filename="src/incl/SheepStates.hpp" />
		<Unit filename="src/incl/SpriteNode.hpp" />
		<Unit filename="src/incl/State.hpp" />
		<Unit filename="src/incl/StateMachine.hpp" />
		<Unit filename="src/incl/SteeringBehaviour.hpp" />
		<Unit filename="src/incl/Utility.hpp" />
		<Unit filename="src/incl/Wall.hpp" />
		<Unit filename="src/incl/World.hpp" />
		<Unit filename="src/level.cpp" />
		<Unit filename="src/levelBlock.cpp" />
		<Unit filename="src/levelCompleteScreen.cpp" />
		<Unit filename="src/main.cpp" />
		<Unit filename="src/menuState.cpp" />
		<Unit filename="src/movingEntity.cpp" />
		<Unit filename="src/path.cpp" />
		<Unit filename="src/pausedScreen.cpp" />
		<Unit filename="src/sceneNode.cpp" />
		<Unit filename="src/sheep.cpp" />
		<Unit filename="src/sheepStates.cpp" />
		<Unit filename="src/spriteNode.cpp" />
		<Unit filename="src/steeringBehaviour.cpp" />
		<Unit filename="src/utility.cpp" />
		<Unit filename="src/wall.cpp" />
		<Unit filename="src/world.cpp" />
		<Extensions>
			<code_completion />
			<envvars />
			<debugger />
			<lib_finder disable_auto="1" />
		</Extensions>
	</Project>
</CodeBlocks_project_file>
